<?xml version="1.0" encoding="utf-8"?>
<Project ToolsVersion="4.0" xmlns="http://schemas.microsoft.com/developer/msbuild/2003">
  <ItemGroup>
    <CudaCompile Include="PathTracer.cu">
      <Filter>Host</Filter>
    </CudaCompile>
    <CudaCompile Include="kernels.cu">
      <Filter>Device</Filter>
    </CudaCompile>
  </ItemGroup>
  <ItemGroup>
    <ClCompile Include="Camera.cpp">
      <Filter>Host</Filter>
    </ClCompile>
    <ClCompile Include="dllmain.cpp">
      <Filter>Host</Filter>
    </ClCompile>
    <ClCompile Include="glad.c">
      <Filter>Host</Filter>
    </ClCompile>
  </ItemGroup>
  <ItemGroup>
    <ClInclude Include="Camera.h">
      <Filter>Host</Filter>
    </ClInclude>
    <ClInclude Include="PathTracer.cuh">
      <Filter>Host</Filter>
    </ClInclude>
    <ClInclude Include="Structures.cuh">
      <Filter>Device</Filter>
    </ClInclude>
    <ClInclude Include="kernels.cuh">
      <Filter>Device</Filter>
    </ClInclude>
    <ClInclude Include="Functions.cuh">
      <Filter>Device</Filter>
    </ClInclude>
  </ItemGroup>
  <ItemGroup>
    <Filter Include="Host">
      <UniqueIdentifier>{a8d98447-6443-4afc-b7a7-21c1109fc86f}</UniqueIdentifier>
    </Filter>
    <Filter Include="Device">
      <UniqueIdentifier>{8f255180-e30e-44d0-a5dd-d0b546e5c80d}</UniqueIdentifier>
    </Filter>
  </ItemGroup>
</Project>