<?xml version="1.0" encoding="utf-8"?>
<Project ToolsVersion="4.0" xmlns="http://schemas.microsoft.com/developer/msbuild/2003">
  <ItemGroup>
    <CudaCompile Include="PathTracer.cu">
      <Filter>Source Files</Filter>
    </CudaCompile>
    <CudaCompile Include="kernels.cu">
      <Filter>Source Files</Filter>
    </CudaCompile>
  </ItemGroup>
  <ItemGroup>
    <ClCompile Include="dllmain.cpp">
      <Filter>Source Files</Filter>
    </ClCompile>
    <ClCompile Include="glad.c">
      <Filter>Source Files</Filter>
    </ClCompile>
    <ClCompile Include="Camera.cpp">
      <Filter>Source Files</Filter>
    </ClCompile>
  </ItemGroup>
  <ItemGroup>
    <ClInclude Include="kernels.cuh">
      <Filter>Header Files</Filter>
    </ClInclude>
    <ClInclude Include="PathTracer.cuh">
      <Filter>Header Files</Filter>
    </ClInclude>
    <ClInclude Include="Structures.cuh">
      <Filter>Header Files</Filter>
    </ClInclude>
    <ClInclude Include="Camera.h">
      <Filter>Header Files</Filter>
    </ClInclude>
  </ItemGroup>
  <ItemGroup>
    <Filter Include="Header Files">
      <UniqueIdentifier>{c472e1c3-e706-4e83-bba4-fb578059ded3}</UniqueIdentifier>
    </Filter>
    <Filter Include="Source Files">
      <UniqueIdentifier>{dea210ac-8ad1-42fb-99a2-270e59be1ff0}</UniqueIdentifier>
    </Filter>
  </ItemGroup>
</Project>